
Microsoft Visual Studio Solution File, Format Version 12.00
Project("{FAE04EC0-301F-11D3-BF4B-00C04F79EFBC}") = "WebAppTemplate", "WebAppTemplate.csproj", "{A70CDEB3-460B-4264-92F9-8ED30E2378DC}"
EndProject
Global
	GlobalSection(SolutionConfigurationPlatforms) = preSolution
		Debug|Any CPU = Debug|Any CPU
		Release|Any CPU = Release|Any CPU
	EndGlobalSection
	GlobalSection(ProjectConfigurationPlatforms) = postSolution
		{A70CDEB3-460B-4264-92F9-8ED30E2378DC}.Debug|Any CPU.ActiveCfg = Debug|Any CPU
		{A70CDEB3-460B-4264-92F9-8ED30E2378DC}.Debug|Any CPU.Build.0 = Debug|Any CPU
		{A70CDEB3-460B-4264-92F9-8ED30E2378DC}.Release|Any CPU.ActiveCfg = Release|Any CPU
		{A70CDEB3-460B-4264-92F9-8ED30E2378DC}.Release|Any CPU.Build.0 = Release|Any CPU
	EndGlobalSection
EndGlobal
